// !$*UTF8*$!
{
	archiveVersion = 1;
	classes = {
	};
	objectVersion = 46;
	objects = {

/* Begin PBXBuildFile section */
		4B034D221E821D8800781F68 /* CompleteTaskViewController.swift in Sources */ = {isa = PBXBuildFile; fileRef = 4B034D211E821D8800781F68 /* CompleteTaskViewController.swift */; };
		4B59FF791E7A5C2A0057AF13 /* AppDelegate.swift in Sources */ = {isa = PBXBuildFile; fileRef = 4B59FF781E7A5C2A0057AF13 /* AppDelegate.swift */; };
		4B59FF7B1E7A5C2A0057AF13 /* TasksViewController.swift in Sources */ = {isa = PBXBuildFile; fileRef = 4B59FF7A1E7A5C2A0057AF13 /* TasksViewController.swift */; };
		4B59FF7E1E7A5C2A0057AF13 /* Main.storyboard in Resources */ = {isa = PBXBuildFile; fileRef = 4B59FF7C1E7A5C2A0057AF13 /* Main.storyboard */; };
		4B59FF811E7A5C2A0057AF13 /* Doit.xcdatamodeld in Sources */ = {isa = PBXBuildFile; fileRef = 4B59FF7F1E7A5C2A0057AF13 /* Doit.xcdatamodeld */; };
		4B59FF831E7A5C2A0057AF13 /* Assets.xcassets in Resources */ = {isa = PBXBuildFile; fileRef = 4B59FF821E7A5C2A0057AF13 /* Assets.xcassets */; };
		4B59FF861E7A5C2B0057AF13 /* LaunchScreen.storyboard in Resources */ = {isa = PBXBuildFile; fileRef = 4B59FF841E7A5C2B0057AF13 /* LaunchScreen.storyboard */; };
		4B59FF8E1E7A94FF0057AF13 /* task.swift in Sources */ = {isa = PBXBuildFile; fileRef = 4B59FF8D1E7A94FF0057AF13 /* task.swift */; };
		4B59FF901E7C81A90057AF13 /* CreatTaskViewController.swift in Sources */ = {isa = PBXBuildFile; fileRef = 4B59FF8F1E7C81A90057AF13 /* CreatTaskViewController.swift */; };
/* End PBXBuildFile section */

/* Begin PBXFileReference section */
		4B034D211E821D8800781F68 /* CompleteTaskViewController.swift */ = {isa = PBXFileReference; fileEncoding = 4; lastKnownFileType = sourcecode.swift; path = CompleteTaskViewController.swift; sourceTree = "<group>"; };
		4B59FF751E7A5C2A0057AF13 /* Doit.app */ = {isa = PBXFileReference; explicitFileType = wrapper.application; includeInIndex = 0; path = Doit.app; sourceTree = BUILT_PRODUCTS_DIR; };
		4B59FF781E7A5C2A0057AF13 /* AppDelegate.swift */ = {isa = PBXFileReference; lastKnownFileType = sourcecode.swift; path = AppDelegate.swift; sourceTree = "<group>"; };
		4B59FF7A1E7A5C2A0057AF13 /* TasksViewController.swift */ = {isa = PBXFileReference; lastKnownFileType = sourcecode.swift; path = TasksViewController.swift; sourceTree = "<group>"; };
		4B59FF7D1E7A5C2A0057AF13 /* Base */ = {isa = PBXFileReference; lastKnownFileType = file.storyboard; name = Base; path = Base.lproj/Main.storyboard; sourceTree = "<group>"; };
		4B59FF801E7A5C2A0057AF13 /* Doit.xcdatamodel */ = {isa = PBXFileReference; lastKnownFileType = wrapper.xcdatamodel; path = Doit.xcdatamodel; sourceTree = "<group>"; };
		4B59FF821E7A5C2A0057AF13 /* Assets.xcassets */ = {isa = PBXFileReference; lastKnownFileType = folder.assetcatalog; path = Assets.xcassets; sourceTree = "<group>"; };
		4B59FF851E7A5C2B0057AF13 /* Base */ = {isa = PBXFileReference; lastKnownFileType = file.storyboard; name = Base; path = Base.lproj/LaunchScreen.storyboard; sourceTree = "<group>"; };
		4B59FF871E7A5C2B0057AF13 /* Info.plist */ = {isa = PBXFileReference; lastKnownFileType = text.plist.xml; path = Info.plist; sourceTree = "<group>"; };
		4B59FF8D1E7A94FF0057AF13 /* task.swift */ = {isa = PBXFileReference; fileEncoding = 4; lastKnownFileType = sourcecode.swift; path = task.swift; sourceTree = "<group>"; };
		4B59FF8F1E7C81A90057AF13 /* CreatTaskViewController.swift */ = {isa = PBXFileReference; fileEncoding = 4; lastKnownFileType = sourcecode.swift; path = CreatTaskViewController.swift; sourceTree = "<group>"; };
/* End PBXFileReference section */

/* Begin PBXFrameworksBuildPhase section */
		4B59FF721E7A5C2A0057AF13 /* Frameworks */ = {
			isa = PBXFrameworksBuildPhase;
			buildActionMask = 2147483647;
			files = (
			);
			runOnlyForDeploymentPostprocessing = 0;
		};
/* End PBXFrameworksBuildPhase section */

/* Begin PBXGroup section */
		4B59FF6C1E7A5C290057AF13 = {
			isa = PBXGroup;
			children = (
				4B59FF771E7A5C2A0057AF13 /* Doit */,
				4B59FF761E7A5C2A0057AF13 /* Products */,
			);
			sourceTree = "<group>";
		};
		4B59FF761E7A5C2A0057AF13 /* Products */ = {
			isa = PBXGroup;
			children = (
				4B59FF751E7A5C2A0057AF13 /* Doit.app */,
			);
			name = Products;
			sourceTree = "<group>";
		};
		4B59FF771E7A5C2A0057AF13 /* Doit */ = {
			isa = PBXGroup;
			children = (
				4B59FF781E7A5C2A0057AF13 /* AppDelegate.swift */,
				4B59FF7A1E7A5C2A0057AF13 /* TasksViewController.swift */,
				4B034D211E821D8800781F68 /* CompleteTaskViewController.swift */,
				4B59FF8F1E7C81A90057AF13 /* CreatTaskViewController.swift */,
				4B59FF8D1E7A94FF0057AF13 /* task.swift */,
				4B59FF7C1E7A5C2A0057AF13 /* Main.storyboard */,
				4B59FF821E7A5C2A0057AF13 /* Assets.xcassets */,
				4B59FF841E7A5C2B0057AF13 /* LaunchScreen.storyboard */,
				4B59FF871E7A5C2B0057AF13 /* Info.plist */,
				4B59FF7F1E7A5C2A0057AF13 /* Doit.xcdatamodeld */,
			);
			path = Doit;
			sourceTree = "<group>";
		};
/* End PBXGroup section */

/* Begin PBXNativeTarget section */
		4B59FF741E7A5C2A0057AF13 /* Doit */ = {
			isa = PBXNativeTarget;
			buildConfigurationList = 4B59FF8A1E7A5C2B0057AF13 /* Build configuration list for PBXNativeTarget "Doit" */;
			buildPhases = (
				4B59FF711E7A5C2A0057AF13 /* Sources */,
				4B59FF721E7A5C2A0057AF13 /* Frameworks */,
				4B59FF731E7A5C2A0057AF13 /* Resources */,
			);
			buildRules = (
			);
			dependencies = (
			);
			name = Doit;
			productName = Doit;
			productReference = 4B59FF751E7A5C2A0057AF13 /* Doit.app */;
			productType = "com.apple.product-type.application";
		};
/* End PBXNativeTarget section */

/* Begin PBXProject section */
		4B59FF6D1E7A5C290057AF13 /* Project object */ = {
			isa = PBXProject;
			attributes = {
				LastSwiftUpdateCheck = 0820;
				LastUpgradeCheck = 0820;
				ORGANIZATIONNAME = appdog;
				TargetAttributes = {
					4B59FF741E7A5C2A0057AF13 = {
						CreatedOnToolsVersion = 8.2.1;
						ProvisioningStyle = Automatic;
					};
				};
			};
			buildConfigurationList = 4B59FF701E7A5C290057AF13 /* Build configuration list for PBXProject "Doit" */;
			compatibilityVersion = "Xcode 3.2";
			developmentRegion = English;
			hasScannedForEncodings = 0;
			knownRegions = (
				en,
				Base,
			);
			mainGroup = 4B59FF6C1E7A5C290057AF13;
			productRefGroup = 4B59FF761E7A5C2A0057AF13 /* Products */;
			projectDirPath = "";
			projectRoot = "";
			targets = (
				4B59FF741E7A5C2A0057AF13 /* Doit */,
			);
		};
/* End PBXProject section */

/* Begin PBXResourcesBuildPhase section */
		4B59FF731E7A5C2A0057AF13 /* Resources */ = {
			isa = PBXResourcesBuildPhase;
			buildActionMask = 2147483647;
			files = (
				4B59FF861E7A5C2B0057AF13 /* LaunchScreen.storyboard in Resources */,
				4B59FF831E7A5C2A0057AF13 /* Assets.xcassets in Resources */,
				4B59FF7E1E7A5C2A0057AF13 /* Main.storyboard in Resources */,
			);
			runOnlyForDeploymentPostprocessing = 0;
		};
/* End PBXResourcesBuildPhase section */

/* Begin PBXSourcesBuildPhase section */
		4B59FF711E7A5C2A0057AF13 /* Sources */ = {
			isa = PBXSourcesBuildPhase;
			buildActionMask = 2147483647;
			files = (
				4B59FF8E1E7A94FF0057AF13 /* task.swift in Sources */,
				4B59FF7B1E7A5C2A0057AF13 /* TasksViewController.swift in Sources */,
				4B034D221E821D8800781F68 /* CompleteTaskViewController.swift in Sources */,
				4B59FF791E7A5C2A0057AF13 /* AppDelegate.swift in Sources */,
				4B59FF811E7A5C2A0057AF13 /* Doit.xcdatamodeld in Sources */,
				4B59FF901E7C81A90057AF13 /* CreatTaskViewController.swift in Sources */,
			);
			runOnlyForDeploymentPostprocessing = 0;
		};
/* End PBXSourcesBuildPhase section */

/* Begin PBXVariantGroup section */
		4B59FF7C1E7A5C2A0057AF13 /* Main.storyboard */ = {
			isa = PBXVariantGroup;
			children = (
				4B59FF7D1E7A5C2A0057AF13 /* Base */,
			);
			name = Main.storyboard;
			sourceTree = "<group>";
		};
		4B59FF841E7A5C2B0057AF13 /* LaunchScreen.storyboard */ = {
			isa = PBXVariantGroup;
			children = (
				4B59FF851E7A5C2B0057AF13 /* Base */,
			);
			name = LaunchScreen.storyboard;
			sourceTree = "<group>";
		};
/* End PBXVariantGroup section */

/* Begin XCBuildConfiguration section */
		4B59FF881E7A5C2B0057AF13 /* Debug */ = {
			isa = XCBuildConfiguration;
			buildSettings = {
				ALWAYS_SEARCH_USER_PATHS = NO;
				CLANG_ANALYZER_NONNULL = YES;
				CLANG_CXX_LANGUAGE_STANDARD = "gnu++0x";
				CLANG_CXX_LIBRARY = "libc++";
				CLANG_ENABLE_MODULES = YES;
				CLANG_ENABLE_OBJC_ARC = YES;
				CLANG_WARN_BOOL_CONVERSION = YES;
				CLANG_WARN_CONSTANT_CONVERSION = YES;
				CLANG_WARN_DIRECT_OBJC_ISA_USAGE = YES_ERROR;
				CLANG_WARN_DOCUMENTATION_COMMENTS = YES;
				CLANG_WARN_EMPTY_BODY = YES;
				CLANG_WARN_ENUM_CONVERSION = YES;
				CLANG_WARN_INFINITE_RECURSION = YES;
				CLANG_WARN_INT_CONVERSION = YES;
				CLANG_WARN_OBJC_ROOT_CLASS = YES_ERROR;
				CLANG_WARN_SUSPICIOUS_MOVE = YES;
				CLANG_WARN_UNREACHABLE_CODE = YES;
				CLANG_WARN__DUPLICATE_METHOD_MATCH = YES;
				"CODE_SIGN_IDENTITY[sdk=iphoneos*]" = "iPhone Developer";
				COPY_PHASE_STRIP = NO;
				DEBUG_INFORMATION_FORMAT = dwarf;
				ENABLE_STRICT_OBJC_MSGSEND = YES;
				ENABLE_TESTABILITY = YES;
				GCC_C_LANGUAGE_STANDARD = gnu99;
				GCC_DYNAMIC_NO_PIC = NO;
				GCC_NO_COMMON_BLOCKS = YES;
				GCC_OPTIMIZATION_LEVEL = 0;
				GCC_PREPROCESSOR_DEFINITIONS = (
					"DEBUG=1",
					"$(inherited)",
				);
				GCC_WARN_64_TO_32_BIT_CONVERSION = YES;
				GCC_WARN_ABOUT_RETURN_TYPE = YES_ERROR;
				GCC_WARN_UNDECLARED_SELECTOR = YES;
				GCC_WARN_UNINITIALIZED_AUTOS = YES_AGGRESSIVE;
				GCC_WARN_UNUSED_FUNCTION = YES;
				GCC_WARN_UNUSED_VARIABLE = YES;
				IPHONEOS_DEPLOYMENT_TARGET = 10.2;
				MTL_ENABLE_DEBUG_INFO = YES;
				ONLY_ACTIVE_ARCH = YES;
				SDKROOT = iphoneos;
				SWIFT_ACTIVE_COMPILATION_CONDITIONS = DEBUG;
				SWIFT_OPTIMIZATION_LEVEL = "-Onone";
				TARGETED_DEVICE_FAMILY = "1,2";
			};
			name = Debug;
		};
		4B59FF891E7A5C2B0057AF13 /* Release */ = {
			isa = XCBuildConfiguration;
			buildSettings = {
				ALWAYS_SEARCH_USER_PATHS = NO;
				CLANG_ANALYZER_NONNULL = YES;
				CLANG_CXX_LANGUAGE_STANDARD = "gnu++0x";
				CLANG_CXX_LIBRARY = "libc++";
				CLANG_ENABLE_MODULES = YES;
				CLANG_ENABLE_OBJC_ARC = YES;
				CLANG_WARN_BOOL_CONVERSION = YES;
				CLANG_WARN_CONSTANT_CONVERSION = YES;
				CLANG_WARN_DIRECT_OBJC_ISA_USAGE = YES_ERROR;
				CLANG_WARN_DOCUMENTATION_COMMENTS = YES;
				CLANG_WARN_EMPTY_BODY = YES;
				CLANG_WARN_ENUM_CONVERSION = YES;
				CLANG_WARN_INFINITE_RECURSION = YES;
				CLANG_WARN_INT_CONVERSION = YES;
				CLANG_WARN_OBJC_ROOT_CLASS = YES_ERROR;
				CLANG_WARN_SUSPICIOUS_MOVE = YES;
				CLANG_WARN_UNREACHABLE_CODE = YES;
				CLANG_WARN__DUPLICATE_METHOD_MATCH = YES;
				"CODE_SIGN_IDENTITY[sdk=iphoneos*]" = "iPhone Developer";
				COPY_PHASE_STRIP = NO;
				DEBUG_INFORMATION_FORMAT = "dwarf-with-dsym";
				ENABLE_NS_ASSERTIONS = NO;
				ENABLE_STRICT_OBJC_MSGSEND = YES;
				GCC_C_LANGUAGE_STANDARD = gnu99;
				GCC_NO_COMMON_BLOCKS = YES;
				GCC_WARN_64_TO_32_BIT_CONVERSION = YES;
				GCC_WARN_ABOUT_RETURN_TYPE = YES_ERROR;
				GCC_WARN_UNDECLARED_SELECTOR = YES;
				GCC_WARN_UNINITIALIZED_AUTOS = YES_AGGRESSIVE;
				GCC_WARN_UNUSED_FUNCTION = YES;
				GCC_WARN_UNUSED_VARIABLE = YES;
				IPHONEOS_DEPLOYMENT_TARGET = 10.2;
				MTL_ENABLE_DEBUG_INFO = NO;
				SDKROOT = iphoneos;
				SWIFT_OPTIMIZATION_LEVEL = "-Owholemodule";
				TARGETED_DEVICE_FAMILY = "1,2";
				VALIDATE_PRODUCT = YES;
			};
			name = Release;
		};
		4B59FF8B1E7A5C2B0057AF13 /* Debug */ = {
			isa = XCBuildConfiguration;
			buildSettings = {
				ASSETCATALOG_COMPILER_APPICON_NAME = AppIcon;
				INFOPLIST_FILE = Doit/Info.plist;
				LD_RUNPATH_SEARCH_PATHS = "$(inherited) @executable_path/Frameworks";
				PRODUCT_BUNDLE_IDENTIFIER = com.appdog.Doit;
				PRODUCT_NAME = "$(TARGET_NAME)";
				SWIFT_VERSION = 3.0;
			};
			name = Debug;
		};
		4B59FF8C1E7A5C2B0057AF13 /* Release */ = {
			isa = XCBuildConfiguration;
			buildSettings = {
				ASSETCATALOG_COMPILER_APPICON_NAME = AppIcon;
				INFOPLIST_FILE = Doit/Info.plist;
				LD_RUNPATH_SEARCH_PATHS = "$(inherited) @executable_path/Frameworks";
				PRODUCT_BUNDLE_IDENTIFIER = com.appdog.Doit;
				PRODUCT_NAME = "$(TARGET_NAME)";
				SWIFT_VERSION = 3.0;
			};
			name = Release;
		};
/* End XCBuildConfiguration section */

/* Begin XCConfigurationList section */
		4B59FF701E7A5C290057AF13 /* Build configuration list for PBXProject "Doit" */ = {
			isa = XCConfigurationList;
			buildConfigurations = (
				4B59FF881E7A5C2B0057AF13 /* Debug */,
				4B59FF891E7A5C2B0057AF13 /* Release */,
			);
			defaultConfigurationIsVisible = 0;
			defaultConfigurationName = Release;
		};
		4B59FF8A1E7A5C2B0057AF13 /* Build configuration list for PBXNativeTarget "Doit" */ = {
			isa = XCConfigurationList;
			buildConfigurations = (
				4B59FF8B1E7A5C2B0057AF13 /* Debug */,
				4B59FF8C1E7A5C2B0057AF13 /* Release */,
			);
			defaultConfigurationIsVisible = 0;
			defaultConfigurationName = Release;
		};
/* End XCConfigurationList section */

/* Begin XCVersionGroup section */
		4B59FF7F1E7A5C2A0057AF13 /* Doit.xcdatamodeld */ = {
			isa = XCVersionGroup;
			children = (
				4B59FF801E7A5C2A0057AF13 /* Doit.xcdatamodel */,
			);
			currentVersion = 4B59FF801E7A5C2A0057AF13 /* Doit.xcdatamodel */;
			path = Doit.xcdatamodeld;
			sourceTree = "<group>";
			versionGroupType = wrapper.xcdatamodel;
		};
/* End XCVersionGroup section */
	};
	rootObject = 4B59FF6D1E7A5C290057AF13 /* Project object */;
}
